// !$*UTF8*$!
{
	archiveVersion = 1;
	classes = {
	};
	objectVersion = 56;
	objects = {

/* Begin PBXBuildFile section */
		B90DA1112C67F88C00C26947 /* Launch Screen.storyboard in Resources */ = {isa = PBXBuildFile; fileRef = B90DA1102C67F88C00C26947 /* Launch Screen.storyboard */; };
		B944D7FF2C6670BD009BE4D6 /* MealView.swift in Sources */ = {isa = PBXBuildFile; fileRef = B944D7FE2C6670BD009BE4D6 /* MealView.swift */; };
		B944D8012C6670C7009BE4D6 /* MealModel.swift in Sources */ = {isa = PBXBuildFile; fileRef = B944D8002C6670C7009BE4D6 /* MealModel.swift */; };
		B944D8032C6670CE009BE4D6 /* MealViewModel.swift in Sources */ = {isa = PBXBuildFile; fileRef = B944D8022C6670CE009BE4D6 /* MealViewModel.swift */; };
		B944D8052C667CBA009BE4D6 /* HomeModel.swift in Sources */ = {isa = PBXBuildFile; fileRef = B944D8042C667CBA009BE4D6 /* HomeModel.swift */; };
		B944D8072C667CCC009BE4D6 /* HomeViewModel.swift in Sources */ = {isa = PBXBuildFile; fileRef = B944D8062C667CCC009BE4D6 /* HomeViewModel.swift */; };
		B944D8092C667CD5009BE4D6 /* HomeView.swift in Sources */ = {isa = PBXBuildFile; fileRef = B944D8082C667CD5009BE4D6 /* HomeView.swift */; };
		B944D80B2C6691C5009BE4D6 /* FilterComp.swift in Sources */ = {isa = PBXBuildFile; fileRef = B944D80A2C6691C5009BE4D6 /* FilterComp.swift */; };
		B944D8102C669E9D009BE4D6 /* FeatureComp.swift in Sources */ = {isa = PBXBuildFile; fileRef = B944D80F2C669E9D009BE4D6 /* FeatureComp.swift */; };
		B944D8122C669EEF009BE4D6 /* Sizes.swift in Sources */ = {isa = PBXBuildFile; fileRef = B944D8112C669EEF009BE4D6 /* Sizes.swift */; };
		B9B82A022C65B78A00CF7BE5 /* QuisineApp.swift in Sources */ = {isa = PBXBuildFile; fileRef = B9B82A012C65B78A00CF7BE5 /* QuisineApp.swift */; };
		B9B82A042C65B78A00CF7BE5 /* ContentView.swift in Sources */ = {isa = PBXBuildFile; fileRef = B9B82A032C65B78A00CF7BE5 /* ContentView.swift */; };
		B9B82A062C65B78E00CF7BE5 /* Assets.xcassets in Resources */ = {isa = PBXBuildFile; fileRef = B9B82A052C65B78E00CF7BE5 /* Assets.xcassets */; };
		B9B82A092C65B78E00CF7BE5 /* Preview Assets.xcassets in Resources */ = {isa = PBXBuildFile; fileRef = B9B82A082C65B78E00CF7BE5 /* Preview Assets.xcassets */; };
/* End PBXBuildFile section */

/* Begin PBXFileReference section */
		B90DA1102C67F88C00C26947 /* Launch Screen.storyboard */ = {isa = PBXFileReference; lastKnownFileType = file.storyboard; path = "Launch Screen.storyboard"; sourceTree = "<group>"; };
		B944D7FE2C6670BD009BE4D6 /* MealView.swift */ = {isa = PBXFileReference; lastKnownFileType = sourcecode.swift; path = MealView.swift; sourceTree = "<group>"; };
		B944D8002C6670C7009BE4D6 /* MealModel.swift */ = {isa = PBXFileReference; lastKnownFileType = sourcecode.swift; path = MealModel.swift; sourceTree = "<group>"; };
		B944D8022C6670CE009BE4D6 /* MealViewModel.swift */ = {isa = PBXFileReference; lastKnownFileType = sourcecode.swift; path = MealViewModel.swift; sourceTree = "<group>"; };
		B944D8042C667CBA009BE4D6 /* HomeModel.swift */ = {isa = PBXFileReference; lastKnownFileType = sourcecode.swift; path = HomeModel.swift; sourceTree = "<group>"; };
		B944D8062C667CCC009BE4D6 /* HomeViewModel.swift */ = {isa = PBXFileReference; lastKnownFileType = sourcecode.swift; path = HomeViewModel.swift; sourceTree = "<group>"; };
		B944D8082C667CD5009BE4D6 /* HomeView.swift */ = {isa = PBXFileReference; lastKnownFileType = sourcecode.swift; path = HomeView.swift; sourceTree = "<group>"; };
		B944D80A2C6691C5009BE4D6 /* FilterComp.swift */ = {isa = PBXFileReference; lastKnownFileType = sourcecode.swift; path = FilterComp.swift; sourceTree = "<group>"; };
		B944D80F2C669E9D009BE4D6 /* FeatureComp.swift */ = {isa = PBXFileReference; lastKnownFileType = sourcecode.swift; path = FeatureComp.swift; sourceTree = "<group>"; };
		B944D8112C669EEF009BE4D6 /* Sizes.swift */ = {isa = PBXFileReference; lastKnownFileType = sourcecode.swift; path = Sizes.swift; sourceTree = "<group>"; };
		B9B829FE2C65B78A00CF7BE5 /* Quisine.app */ = {isa = PBXFileReference; explicitFileType = wrapper.application; includeInIndex = 0; path = Quisine.app; sourceTree = BUILT_PRODUCTS_DIR; };
		B9B82A012C65B78A00CF7BE5 /* QuisineApp.swift */ = {isa = PBXFileReference; lastKnownFileType = sourcecode.swift; path = QuisineApp.swift; sourceTree = "<group>"; };
		B9B82A032C65B78A00CF7BE5 /* ContentView.swift */ = {isa = PBXFileReference; lastKnownFileType = sourcecode.swift; path = ContentView.swift; sourceTree = "<group>"; };
		B9B82A052C65B78E00CF7BE5 /* Assets.xcassets */ = {isa = PBXFileReference; lastKnownFileType = folder.assetcatalog; path = Assets.xcassets; sourceTree = "<group>"; };
		B9B82A082C65B78E00CF7BE5 /* Preview Assets.xcassets */ = {isa = PBXFileReference; lastKnownFileType = folder.assetcatalog; path = "Preview Assets.xcassets"; sourceTree = "<group>"; };
/* End PBXFileReference section */

/* Begin PBXFrameworksBuildPhase section */
		B9B829FB2C65B78A00CF7BE5 /* Frameworks */ = {
			isa = PBXFrameworksBuildPhase;
			buildActionMask = 2147483647;
			files = (
			);
			runOnlyForDeploymentPostprocessing = 0;
		};
/* End PBXFrameworksBuildPhase section */

/* Begin PBXGroup section */
		B90DA1122C67F89A00C26947 /* Launch */ = {
			isa = PBXGroup;
			children = (
				B90DA1102C67F88C00C26947 /* Launch Screen.storyboard */,
			);
			path = Launch;
			sourceTree = "<group>";
		};
		B9360DC72C65B9D80002551F /* Modules */ = {
			isa = PBXGroup;
			children = (
				B9B82A032C65B78A00CF7BE5 /* ContentView.swift */,
				B9360DC92C65BA460002551F /* Home */,
				B98D77352C65BBD200BCFC01 /* Meal */,
				B90DA1122C67F89A00C26947 /* Launch */,
			);
			path = Modules;
			sourceTree = "<group>";
		};
		B9360DC82C65B9DD0002551F /* Assets */ = {
			isa = PBXGroup;
			children = (
				B944D8112C669EEF009BE4D6 /* Sizes.swift */,
				B9B82A052C65B78E00CF7BE5 /* Assets.xcassets */,
				B9B82A072C65B78E00CF7BE5 /* Preview Content */,
			);
			path = Assets;
			sourceTree = "<group>";
		};
		B9360DC92C65BA460002551F /* Home */ = {
			isa = PBXGroup;
			children = (
				B944D8042C667CBA009BE4D6 /* HomeModel.swift */,
				B944D8062C667CCC009BE4D6 /* HomeViewModel.swift */,
				B944D8082C667CD5009BE4D6 /* HomeView.swift */,
			);
			path = Home;
			sourceTree = "<group>";
		};
		B98D77352C65BBD200BCFC01 /* Meal */ = {
			isa = PBXGroup;
			children = (
				B944D8002C6670C7009BE4D6 /* MealModel.swift */,
				B944D8022C6670CE009BE4D6 /* MealViewModel.swift */,
				B944D7FE2C6670BD009BE4D6 /* MealView.swift */,
			);
			path = Meal;
			sourceTree = "<group>";
		};
		B98D77362C65BBE700BCFC01 /* Components */ = {
			isa = PBXGroup;
			children = (
				B944D80A2C6691C5009BE4D6 /* FilterComp.swift */,
				B944D80F2C669E9D009BE4D6 /* FeatureComp.swift */,
			);
			path = Components;
			sourceTree = "<group>";
		};
		B9B829F52C65B78A00CF7BE5 = {
			isa = PBXGroup;
			children = (
				B9B82A002C65B78A00CF7BE5 /* Quisine */,
				B9B829FF2C65B78A00CF7BE5 /* Products */,
			);
			sourceTree = "<group>";
		};
		B9B829FF2C65B78A00CF7BE5 /* Products */ = {
			isa = PBXGroup;
			children = (
				B9B829FE2C65B78A00CF7BE5 /* Quisine.app */,
			);
			name = Products;
			sourceTree = "<group>";
		};
		B9B82A002C65B78A00CF7BE5 /* Quisine */ = {
			isa = PBXGroup;
			children = (
				B9B82A012C65B78A00CF7BE5 /* QuisineApp.swift */,
				B9360DC72C65B9D80002551F /* Modules */,
				B98D77362C65BBE700BCFC01 /* Components */,
				B9360DC82C65B9DD0002551F /* Assets */,
			);
			path = Quisine;
			sourceTree = "<group>";
		};
		B9B82A072C65B78E00CF7BE5 /* Preview Content */ = {
			isa = PBXGroup;
			children = (
				B9B82A082C65B78E00CF7BE5 /* Preview Assets.xcassets */,
			);
			path = "Preview Content";
			sourceTree = "<group>";
		};
/* End PBXGroup section */

/* Begin PBXNativeTarget section */
		B9B829FD2C65B78A00CF7BE5 /* Quisine */ = {
			isa = PBXNativeTarget;
			buildConfigurationList = B9B82A0C2C65B78E00CF7BE5 /* Build configuration list for PBXNativeTarget "Quisine" */;
			buildPhases = (
				B9B829FA2C65B78A00CF7BE5 /* Sources */,
				B9B829FB2C65B78A00CF7BE5 /* Frameworks */,
				B9B829FC2C65B78A00CF7BE5 /* Resources */,
			);
			buildRules = (
			);
			dependencies = (
			);
			name = Quisine;
			productName = Quisine;
			productReference = B9B829FE2C65B78A00CF7BE5 /* Quisine.app */;
			productType = "com.apple.product-type.application";
		};
/* End PBXNativeTarget section */

/* Begin PBXProject section */
		B9B829F62C65B78A00CF7BE5 /* Project object */ = {
			isa = PBXProject;
			attributes = {
				BuildIndependentTargetsInParallel = 1;
				LastSwiftUpdateCheck = 1540;
				LastUpgradeCheck = 1540;
				TargetAttributes = {
					B9B829FD2C65B78A00CF7BE5 = {
						CreatedOnToolsVersion = 15.4;
					};
				};
			};
			buildConfigurationList = B9B829F92C65B78A00CF7BE5 /* Build configuration list for PBXProject "Quisine" */;
			compatibilityVersion = "Xcode 14.0";
			developmentRegion = en;
			hasScannedForEncodings = 0;
			knownRegions = (
				en,
				Base,
			);
			mainGroup = B9B829F52C65B78A00CF7BE5;
			productRefGroup = B9B829FF2C65B78A00CF7BE5 /* Products */;
			projectDirPath = "";
			projectRoot = "";
			targets = (
				B9B829FD2C65B78A00CF7BE5 /* Quisine */,
			);
		};
/* End PBXProject section */

/* Begin PBXResourcesBuildPhase section */
		B9B829FC2C65B78A00CF7BE5 /* Resources */ = {
			isa = PBXResourcesBuildPhase;
			buildActionMask = 2147483647;
			files = (
				B90DA1112C67F88C00C26947 /* Launch Screen.storyboard in Resources */,
				B9B82A092C65B78E00CF7BE5 /* Preview Assets.xcassets in Resources */,
				B9B82A062C65B78E00CF7BE5 /* Assets.xcassets in Resources */,
			);
			runOnlyForDeploymentPostprocessing = 0;
		};
/* End PBXResourcesBuildPhase section */

/* Begin PBXSourcesBuildPhase section */
		B9B829FA2C65B78A00CF7BE5 /* Sources */ = {
			isa = PBXSourcesBuildPhase;
			buildActionMask = 2147483647;
			files = (
				B9B82A042C65B78A00CF7BE5 /* ContentView.swift in Sources */,
				B944D8102C669E9D009BE4D6 /* FeatureComp.swift in Sources */,
				B944D8032C6670CE009BE4D6 /* MealViewModel.swift in Sources */,
				B944D8072C667CCC009BE4D6 /* HomeViewModel.swift in Sources */,
				B944D8052C667CBA009BE4D6 /* HomeModel.swift in Sources */,
				B9B82A022C65B78A00CF7BE5 /* QuisineApp.swift in Sources */,
				B944D8092C667CD5009BE4D6 /* HomeView.swift in Sources */,
				B944D8012C6670C7009BE4D6 /* MealModel.swift in Sources */,
				B944D80B2C6691C5009BE4D6 /* FilterComp.swift in Sources */,
				B944D8122C669EEF009BE4D6 /* Sizes.swift in Sources */,
				B944D7FF2C6670BD009BE4D6 /* MealView.swift in Sources */,
			);
			runOnlyForDeploymentPostprocessing = 0;
		};
/* End PBXSourcesBuildPhase section */

/* Begin XCBuildConfiguration section */
		B9B82A0A2C65B78E00CF7BE5 /* Debug */ = {
			isa = XCBuildConfiguration;
			buildSettings = {
				ALWAYS_SEARCH_USER_PATHS = NO;
				ASSETCATALOG_COMPILER_GENERATE_SWIFT_ASSET_SYMBOL_EXTENSIONS = YES;
				CLANG_ANALYZER_NONNULL = YES;
				CLANG_ANALYZER_NUMBER_OBJECT_CONVERSION = YES_AGGRESSIVE;
				CLANG_CXX_LANGUAGE_STANDARD = "gnu++20";
				CLANG_ENABLE_MODULES = YES;
				CLANG_ENABLE_OBJC_ARC = YES;
				CLANG_ENABLE_OBJC_WEAK = YES;
				CLANG_WARN_BLOCK_CAPTURE_AUTORELEASING = YES;
				CLANG_WARN_BOOL_CONVERSION = YES;
				CLANG_WARN_COMMA = YES;
				CLANG_WARN_CONSTANT_CONVERSION = YES;
				CLANG_WARN_DEPRECATED_OBJC_IMPLEMENTATIONS = YES;
				CLANG_WARN_DIRECT_OBJC_ISA_USAGE = YES_ERROR;
				CLANG_WARN_DOCUMENTATION_COMMENTS = YES;
				CLANG_WARN_EMPTY_BODY = YES;
				CLANG_WARN_ENUM_CONVERSION = YES;
				CLANG_WARN_INFINITE_RECURSION = YES;
				CLANG_WARN_INT_CONVERSION = YES;
				CLANG_WARN_NON_LITERAL_NULL_CONVERSION = YES;
				CLANG_WARN_OBJC_IMPLICIT_RETAIN_SELF = YES;
				CLANG_WARN_OBJC_LITERAL_CONVERSION = YES;
				CLANG_WARN_OBJC_ROOT_CLASS = YES_ERROR;
				CLANG_WARN_QUOTED_INCLUDE_IN_FRAMEWORK_HEADER = YES;
				CLANG_WARN_RANGE_LOOP_ANALYSIS = YES;
				CLANG_WARN_STRICT_PROTOTYPES = YES;
				CLANG_WARN_SUSPICIOUS_MOVE = YES;
				CLANG_WARN_UNGUARDED_AVAILABILITY = YES_AGGRESSIVE;
				CLANG_WARN_UNREACHABLE_CODE = YES;
				CLANG_WARN__DUPLICATE_METHOD_MATCH = YES;
				COPY_PHASE_STRIP = NO;
				DEBUG_INFORMATION_FORMAT = dwarf;
				ENABLE_STRICT_OBJC_MSGSEND = YES;
				ENABLE_TESTABILITY = YES;
				ENABLE_USER_SCRIPT_SANDBOXING = YES;
				GCC_C_LANGUAGE_STANDARD = gnu17;
				GCC_DYNAMIC_NO_PIC = NO;
				GCC_NO_COMMON_BLOCKS = YES;
				GCC_OPTIMIZATION_LEVEL = 0;
				GCC_PREPROCESSOR_DEFINITIONS = (
					"DEBUG=1",
					"$(inherited)",
				);
				GCC_WARN_64_TO_32_BIT_CONVERSION = YES;
				GCC_WARN_ABOUT_RETURN_TYPE = YES_ERROR;
				GCC_WARN_UNDECLARED_SELECTOR = YES;
				GCC_WARN_UNINITIALIZED_AUTOS = YES_AGGRESSIVE;
				GCC_WARN_UNUSED_FUNCTION = YES;
				GCC_WARN_UNUSED_VARIABLE = YES;
				IPHONEOS_DEPLOYMENT_TARGET = 17.5;
				LOCALIZATION_PREFERS_STRING_CATALOGS = YES;
				MTL_ENABLE_DEBUG_INFO = INCLUDE_SOURCE;
				MTL_FAST_MATH = YES;
				ONLY_ACTIVE_ARCH = YES;
				SDKROOT = iphoneos;
				SWIFT_ACTIVE_COMPILATION_CONDITIONS = "DEBUG $(inherited)";
				SWIFT_OPTIMIZATION_LEVEL = "-Onone";
			};
			name = Debug;
		};
		B9B82A0B2C65B78E00CF7BE5 /* Release */ = {
			isa = XCBuildConfiguration;
			buildSettings = {
				ALWAYS_SEARCH_USER_PATHS = NO;
				ASSETCATALOG_COMPILER_GENERATE_SWIFT_ASSET_SYMBOL_EXTENSIONS = YES;
				CLANG_ANALYZER_NONNULL = YES;
				CLANG_ANALYZER_NUMBER_OBJECT_CONVERSION = YES_AGGRESSIVE;
				CLANG_CXX_LANGUAGE_STANDARD = "gnu++20";
				CLANG_ENABLE_MODULES = YES;
				CLANG_ENABLE_OBJC_ARC = YES;
				CLANG_ENABLE_OBJC_WEAK = YES;
				CLANG_WARN_BLOCK_CAPTURE_AUTORELEASING = YES;
				CLANG_WARN_BOOL_CONVERSION = YES;
				CLANG_WARN_COMMA = YES;
				CLANG_WARN_CONSTANT_CONVERSION = YES;
				CLANG_WARN_DEPRECATED_OBJC_IMPLEMENTATIONS = YES;
				CLANG_WARN_DIRECT_OBJC_ISA_USAGE = YES_ERROR;
				CLANG_WARN_DOCUMENTATION_COMMENTS = YES;
				CLANG_WARN_EMPTY_BODY = YES;
				CLANG_WARN_ENUM_CONVERSION = YES;
				CLANG_WARN_INFINITE_RECURSION = YES;
				CLANG_WARN_INT_CONVERSION = YES;
				CLANG_WARN_NON_LITERAL_NULL_CONVERSION = YES;
				CLANG_WARN_OBJC_IMPLICIT_RETAIN_SELF = YES;
				CLANG_WARN_OBJC_LITERAL_CONVERSION = YES;
				CLANG_WARN_OBJC_ROOT_CLASS = YES_ERROR;
				CLANG_WARN_QUOTED_INCLUDE_IN_FRAMEWORK_HEADER = YES;
				CLANG_WARN_RANGE_LOOP_ANALYSIS = YES;
				CLANG_WARN_STRICT_PROTOTYPES = YES;
				CLANG_WARN_SUSPICIOUS_MOVE = YES;
				CLANG_WARN_UNGUARDED_AVAILABILITY = YES_AGGRESSIVE;
				CLANG_WARN_UNREACHABLE_CODE = YES;
				CLANG_WARN__DUPLICATE_METHOD_MATCH = YES;
				COPY_PHASE_STRIP = NO;
				DEBUG_INFORMATION_FORMAT = "dwarf-with-dsym";
				ENABLE_NS_ASSERTIONS = NO;
				ENABLE_STRICT_OBJC_MSGSEND = YES;
				ENABLE_USER_SCRIPT_SANDBOXING = YES;
				GCC_C_LANGUAGE_STANDARD = gnu17;
				GCC_NO_COMMON_BLOCKS = YES;
				GCC_WARN_64_TO_32_BIT_CONVERSION = YES;
				GCC_WARN_ABOUT_RETURN_TYPE = YES_ERROR;
				GCC_WARN_UNDECLARED_SELECTOR = YES;
				GCC_WARN_UNINITIALIZED_AUTOS = YES_AGGRESSIVE;
				GCC_WARN_UNUSED_FUNCTION = YES;
				GCC_WARN_UNUSED_VARIABLE = YES;
				IPHONEOS_DEPLOYMENT_TARGET = 17.5;
				LOCALIZATION_PREFERS_STRING_CATALOGS = YES;
				MTL_ENABLE_DEBUG_INFO = NO;
				MTL_FAST_MATH = YES;
				SDKROOT = iphoneos;
				SWIFT_COMPILATION_MODE = wholemodule;
				VALIDATE_PRODUCT = YES;
			};
			name = Release;
		};
		B9B82A0D2C65B78E00CF7BE5 /* Debug */ = {
			isa = XCBuildConfiguration;
			buildSettings = {
				ASSETCATALOG_COMPILER_APPICON_NAME = AppIcon;
				ASSETCATALOG_COMPILER_GLOBAL_ACCENT_COLOR_NAME = AccentColor;
				CODE_SIGN_STYLE = Automatic;
				CURRENT_PROJECT_VERSION = 1;
				DEVELOPMENT_ASSET_PATHS = "\"Quisine/Assets/Preview Content\"";
				DEVELOPMENT_TEAM = 6R2E9P9EPV;
				ENABLE_PREVIEWS = YES;
				GENERATE_INFOPLIST_FILE = YES;
				INFOPLIST_KEY_CFBundleDisplayName = Quisine;
				INFOPLIST_KEY_LSApplicationCategoryType = "public.app-category.food-and-drink";
				INFOPLIST_KEY_UIApplicationSceneManifest_Generation = YES;
				INFOPLIST_KEY_UIApplicationSupportsIndirectInputEvents = YES;
				INFOPLIST_KEY_UILaunchScreen_Generation = YES;
				INFOPLIST_KEY_UISupportedInterfaceOrientations = UIInterfaceOrientationPortrait;
				INFOPLIST_KEY_UISupportedInterfaceOrientations_iPad = "UIInterfaceOrientationLandscapeLeft UIInterfaceOrientationLandscapeRight UIInterfaceOrientationPortrait UIInterfaceOrientationPortraitUpsideDown";
				IPHONEOS_DEPLOYMENT_TARGET = 15.0;
				LD_RUNPATH_SEARCH_PATHS = (
					"$(inherited)",
					"@executable_path/Frameworks",
				);
				MARKETING_VERSION = 1.0;
				PRODUCT_BUNDLE_IDENTIFIER = waked.Quisine;
				PRODUCT_NAME = "$(TARGET_NAME)";
				SUPPORTED_PLATFORMS = "iphoneos iphonesimulator";
				SUPPORTS_MACCATALYST = NO;
				SUPPORTS_MAC_DESIGNED_FOR_IPHONE_IPAD = NO;
				SUPPORTS_XR_DESIGNED_FOR_IPHONE_IPAD = NO;
				SWIFT_EMIT_LOC_STRINGS = YES;
				SWIFT_VERSION = 5.0;
				TARGETED_DEVICE_FAMILY = 1;
			};
			name = Debug;
		};
		B9B82A0E2C65B78E00CF7BE5 /* Release */ = {
			isa = XCBuildConfiguration;
			buildSettings = {
				ASSETCATALOG_COMPILER_APPICON_NAME = AppIcon;
				ASSETCATALOG_COMPILER_GLOBAL_ACCENT_COLOR_NAME = AccentColor;
				CODE_SIGN_STYLE = Automatic;
				CURRENT_PROJECT_VERSION = 1;
				DEVELOPMENT_ASSET_PATHS = "\"Quisine/Assets/Preview Content\"";
				DEVELOPMENT_TEAM = 6R2E9P9EPV;
				ENABLE_PREVIEWS = YES;
				GENERATE_INFOPLIST_FILE = YES;
				INFOPLIST_KEY_CFBundleDisplayName = Quisine;
				INFOPLIST_KEY_LSApplicationCategoryType = "public.app-category.food-and-drink";
				INFOPLIST_KEY_UIApplicationSceneManifest_Generation = YES;
				INFOPLIST_KEY_UIApplicationSupportsIndirectInputEvents = YES;
				INFOPLIST_KEY_UILaunchScreen_Generation = YES;
				INFOPLIST_KEY_UISupportedInterfaceOrientations = UIInterfaceOrientationPortrait;
				INFOPLIST_KEY_UISupportedInterfaceOrientations_iPad = "UIInterfaceOrientationLandscapeLeft UIInterfaceOrientationLandscapeRight UIInterfaceOrientationPortrait UIInterfaceOrientationPortraitUpsideDown";
				IPHONEOS_DEPLOYMENT_TARGET = 15.0;
				LD_RUNPATH_SEARCH_PATHS = (
					"$(inherited)",
					"@executable_path/Frameworks",
				);
				MARKETING_VERSION = 1.0;
				PRODUCT_BUNDLE_IDENTIFIER = waked.Quisine;
				PRODUCT_NAME = "$(TARGET_NAME)";
				SUPPORTED_PLATFORMS = "iphoneos iphonesimulator";
				SUPPORTS_MACCATALYST = NO;
				SUPPORTS_MAC_DESIGNED_FOR_IPHONE_IPAD = NO;
				SUPPORTS_XR_DESIGNED_FOR_IPHONE_IPAD = NO;
				SWIFT_EMIT_LOC_STRINGS = YES;
				SWIFT_VERSION = 5.0;
				TARGETED_DEVICE_FAMILY = 1;
			};
			name = Release;
		};
/* End XCBuildConfiguration section */

/* Begin XCConfigurationList section */
		B9B829F92C65B78A00CF7BE5 /* Build configuration list for PBXProject "Quisine" */ = {
			isa = XCConfigurationList;
			buildConfigurations = (
				B9B82A0A2C65B78E00CF7BE5 /* Debug */,
				B9B82A0B2C65B78E00CF7BE5 /* Release */,
			);
			defaultConfigurationIsVisible = 0;
			defaultConfigurationName = Release;
		};
		B9B82A0C2C65B78E00CF7BE5 /* Build configuration list for PBXNativeTarget "Quisine" */ = {
			isa = XCConfigurationList;
			buildConfigurations = (
				B9B82A0D2C65B78E00CF7BE5 /* Debug */,
				B9B82A0E2C65B78E00CF7BE5 /* Release */,
			);
			defaultConfigurationIsVisible = 0;
			defaultConfigurationName = Release;
		};
/* End XCConfigurationList section */
	};
	rootObject = B9B829F62C65B78A00CF7BE5 /* Project object */;
}
